// !$*UTF8*$!
{
	archiveVersion = 1;
	classes = {
	};
	objectVersion = 56;
	objects = {

/* Begin PBXBuildFile section */
		645CA21C2900F32700C3AA6D /* InstafilterApp.swift in Sources */ = {isa = PBXBuildFile; fileRef = 645CA21B2900F32700C3AA6D /* InstafilterApp.swift */; };
		645CA21E2900F32700C3AA6D /* ContentView.swift in Sources */ = {isa = PBXBuildFile; fileRef = 645CA21D2900F32700C3AA6D /* ContentView.swift */; };
		645CA2202900F32800C3AA6D /* Assets.xcassets in Resources */ = {isa = PBXBuildFile; fileRef = 645CA21F2900F32800C3AA6D /* Assets.xcassets */; };
		645CA2232900F32800C3AA6D /* Preview Assets.xcassets in Resources */ = {isa = PBXBuildFile; fileRef = 645CA2222900F32800C3AA6D /* Preview Assets.xcassets */; };
		6492A05F290397320023B55A /* ImagePicker.swift in Sources */ = {isa = PBXBuildFile; fileRef = 6492A05E290397320023B55A /* ImagePicker.swift */; };
		64CF32B629C9E7F600C70A68 /* ExampleView1.swift in Sources */ = {isa = PBXBuildFile; fileRef = 64CF32B529C9E7F600C70A68 /* ExampleView1.swift */; };
		64CF32B829C9E92500C70A68 /* ExampleView2.swift in Sources */ = {isa = PBXBuildFile; fileRef = 64CF32B729C9E92500C70A68 /* ExampleView2.swift */; };
		64CF32BA29C9E9F700C70A68 /* ExampleView3.swift in Sources */ = {isa = PBXBuildFile; fileRef = 64CF32B929C9E9F700C70A68 /* ExampleView3.swift */; };
		64CF32BC29C9EAF400C70A68 /* ExampleView4.swift in Sources */ = {isa = PBXBuildFile; fileRef = 64CF32BB29C9EAF400C70A68 /* ExampleView4.swift */; };
		64CF32BE29CA0FE100C70A68 /* ExampleView5.swift in Sources */ = {isa = PBXBuildFile; fileRef = 64CF32BD29CA0FE100C70A68 /* ExampleView5.swift */; };
		64D1ED422905BBE2002269E4 /* ImageSaver.swift in Sources */ = {isa = PBXBuildFile; fileRef = 64D1ED412905BBE2002269E4 /* ImageSaver.swift */; };
/* End PBXBuildFile section */

/* Begin PBXFileReference section */
		645CA2182900F32700C3AA6D /* Instafilter.app */ = {isa = PBXFileReference; explicitFileType = wrapper.application; includeInIndex = 0; path = Instafilter.app; sourceTree = BUILT_PRODUCTS_DIR; };
		645CA21B2900F32700C3AA6D /* InstafilterApp.swift */ = {isa = PBXFileReference; lastKnownFileType = sourcecode.swift; path = InstafilterApp.swift; sourceTree = "<group>"; };
		645CA21D2900F32700C3AA6D /* ContentView.swift */ = {isa = PBXFileReference; lastKnownFileType = sourcecode.swift; path = ContentView.swift; sourceTree = "<group>"; };
		645CA21F2900F32800C3AA6D /* Assets.xcassets */ = {isa = PBXFileReference; lastKnownFileType = folder.assetcatalog; path = Assets.xcassets; sourceTree = "<group>"; };
		645CA2222900F32800C3AA6D /* Preview Assets.xcassets */ = {isa = PBXFileReference; lastKnownFileType = folder.assetcatalog; path = "Preview Assets.xcassets"; sourceTree = "<group>"; };
		6492A05E290397320023B55A /* ImagePicker.swift */ = {isa = PBXFileReference; lastKnownFileType = sourcecode.swift; path = ImagePicker.swift; sourceTree = "<group>"; };
		64CF32B529C9E7F600C70A68 /* ExampleView1.swift */ = {isa = PBXFileReference; lastKnownFileType = sourcecode.swift; path = ExampleView1.swift; sourceTree = "<group>"; };
		64CF32B729C9E92500C70A68 /* ExampleView2.swift */ = {isa = PBXFileReference; lastKnownFileType = sourcecode.swift; path = ExampleView2.swift; sourceTree = "<group>"; };
		64CF32B929C9E9F700C70A68 /* ExampleView3.swift */ = {isa = PBXFileReference; lastKnownFileType = sourcecode.swift; path = ExampleView3.swift; sourceTree = "<group>"; };
		64CF32BB29C9EAF400C70A68 /* ExampleView4.swift */ = {isa = PBXFileReference; lastKnownFileType = sourcecode.swift; path = ExampleView4.swift; sourceTree = "<group>"; };
		64CF32BD29CA0FE100C70A68 /* ExampleView5.swift */ = {isa = PBXFileReference; lastKnownFileType = sourcecode.swift; path = ExampleView5.swift; sourceTree = "<group>"; };
		64D1ED412905BBE2002269E4 /* ImageSaver.swift */ = {isa = PBXFileReference; lastKnownFileType = sourcecode.swift; path = ImageSaver.swift; sourceTree = "<group>"; };
/* End PBXFileReference section */

/* Begin PBXFrameworksBuildPhase section */
		645CA2152900F32700C3AA6D /* Frameworks */ = {
			isa = PBXFrameworksBuildPhase;
			buildActionMask = 2147483647;
			files = (
			);
			runOnlyForDeploymentPostprocessing = 0;
		};
/* End PBXFrameworksBuildPhase section */

/* Begin PBXGroup section */
		645CA20F2900F32700C3AA6D = {
			isa = PBXGroup;
			children = (
				645CA21A2900F32700C3AA6D /* Instafilter */,
				645CA2192900F32700C3AA6D /* Products */,
			);
			sourceTree = "<group>";
		};
		645CA2192900F32700C3AA6D /* Products */ = {
			isa = PBXGroup;
			children = (
				645CA2182900F32700C3AA6D /* Instafilter.app */,
			);
			name = Products;
			sourceTree = "<group>";
		};
		645CA21A2900F32700C3AA6D /* Instafilter */ = {
			isa = PBXGroup;
			children = (
				645CA21B2900F32700C3AA6D /* InstafilterApp.swift */,
				645CA21D2900F32700C3AA6D /* ContentView.swift */,
				64D1ED412905BBE2002269E4 /* ImageSaver.swift */,
				6492A05E290397320023B55A /* ImagePicker.swift */,
				64CF32B429C9E7E500C70A68 /* Project Examples */,
				645CA21F2900F32800C3AA6D /* Assets.xcassets */,
				645CA2212900F32800C3AA6D /* Preview Content */,
			);
			path = Instafilter;
			sourceTree = "<group>";
		};
		645CA2212900F32800C3AA6D /* Preview Content */ = {
			isa = PBXGroup;
			children = (
				645CA2222900F32800C3AA6D /* Preview Assets.xcassets */,
			);
			path = "Preview Content";
			sourceTree = "<group>";
		};
		64CF32B429C9E7E500C70A68 /* Project Examples */ = {
			isa = PBXGroup;
			children = (
				64CF32B529C9E7F600C70A68 /* ExampleView1.swift */,
				64CF32B729C9E92500C70A68 /* ExampleView2.swift */,
				64CF32B929C9E9F700C70A68 /* ExampleView3.swift */,
				64CF32BB29C9EAF400C70A68 /* ExampleView4.swift */,
				64CF32BD29CA0FE100C70A68 /* ExampleView5.swift */,
			);
			path = "Project Examples";
			sourceTree = "<group>";
		};
/* End PBXGroup section */

/* Begin PBXNativeTarget section */
		645CA2172900F32700C3AA6D /* Instafilter */ = {
			isa = PBXNativeTarget;
			buildConfigurationList = 645CA2262900F32800C3AA6D /* Build configuration list for PBXNativeTarget "Instafilter" */;
			buildPhases = (
				645CA2142900F32700C3AA6D /* Sources */,
				645CA2152900F32700C3AA6D /* Frameworks */,
				645CA2162900F32700C3AA6D /* Resources */,
			);
			buildRules = (
			);
			dependencies = (
			);
			name = Instafilter;
			productName = Instafilter;
			productReference = 645CA2182900F32700C3AA6D /* Instafilter.app */;
			productType = "com.apple.product-type.application";
		};
/* End PBXNativeTarget section */

/* Begin PBXProject section */
		645CA2102900F32700C3AA6D /* Project object */ = {
			isa = PBXProject;
			attributes = {
				BuildIndependentTargetsInParallel = 1;
				LastSwiftUpdateCheck = 1400;
				LastUpgradeCheck = 1400;
				TargetAttributes = {
					645CA2172900F32700C3AA6D = {
						CreatedOnToolsVersion = 14.0.1;
					};
				};
			};
			buildConfigurationList = 645CA2132900F32700C3AA6D /* Build configuration list for PBXProject "Instafilter" */;
			compatibilityVersion = "Xcode 14.0";
			developmentRegion = en;
			hasScannedForEncodings = 0;
			knownRegions = (
				en,
				Base,
			);
			mainGroup = 645CA20F2900F32700C3AA6D;
			productRefGroup = 645CA2192900F32700C3AA6D /* Products */;
			projectDirPath = "";
			projectRoot = "";
			targets = (
				645CA2172900F32700C3AA6D /* Instafilter */,
			);
		};
/* End PBXProject section */

/* Begin PBXResourcesBuildPhase section */
		645CA2162900F32700C3AA6D /* Resources */ = {
			isa = PBXResourcesBuildPhase;
			buildActionMask = 2147483647;
			files = (
				645CA2232900F32800C3AA6D /* Preview Assets.xcassets in Resources */,
				645CA2202900F32800C3AA6D /* Assets.xcassets in Resources */,
			);
			runOnlyForDeploymentPostprocessing = 0;
		};
/* End PBXResourcesBuildPhase section */

/* Begin PBXSourcesBuildPhase section */
		645CA2142900F32700C3AA6D /* Sources */ = {
			isa = PBXSourcesBuildPhase;
			buildActionMask = 2147483647;
			files = (
				64CF32BE29CA0FE100C70A68 /* ExampleView5.swift in Sources */,
				64CF32BC29C9EAF400C70A68 /* ExampleView4.swift in Sources */,
				64CF32B829C9E92500C70A68 /* ExampleView2.swift in Sources */,
				64CF32BA29C9E9F700C70A68 /* ExampleView3.swift in Sources */,
				6492A05F290397320023B55A /* ImagePicker.swift in Sources */,
				645CA21E2900F32700C3AA6D /* ContentView.swift in Sources */,
				64CF32B629C9E7F600C70A68 /* ExampleView1.swift in Sources */,
				645CA21C2900F32700C3AA6D /* InstafilterApp.swift in Sources */,
				64D1ED422905BBE2002269E4 /* ImageSaver.swift in Sources */,
			);
			runOnlyForDeploymentPostprocessing = 0;
		};
/* End PBXSourcesBuildPhase section */

/* Begin XCBuildConfiguration section */
		645CA2242900F32800C3AA6D /* Debug */ = {
			isa = XCBuildConfiguration;
			buildSettings = {
				ALWAYS_SEARCH_USER_PATHS = NO;
				CLANG_ANALYZER_NONNULL = YES;
				CLANG_ANALYZER_NUMBER_OBJECT_CONVERSION = YES_AGGRESSIVE;
				CLANG_CXX_LANGUAGE_STANDARD = "gnu++20";
				CLANG_ENABLE_MODULES = YES;
				CLANG_ENABLE_OBJC_ARC = YES;
				CLANG_ENABLE_OBJC_WEAK = YES;
				CLANG_WARN_BLOCK_CAPTURE_AUTORELEASING = YES;
				CLANG_WARN_BOOL_CONVERSION = YES;
				CLANG_WARN_COMMA = YES;
				CLANG_WARN_CONSTANT_CONVERSION = YES;
				CLANG_WARN_DEPRECATED_OBJC_IMPLEMENTATIONS = YES;
				CLANG_WARN_DIRECT_OBJC_ISA_USAGE = YES_ERROR;
				CLANG_WARN_DOCUMENTATION_COMMENTS = YES;
				CLANG_WARN_EMPTY_BODY = YES;
				CLANG_WARN_ENUM_CONVERSION = YES;
				CLANG_WARN_INFINITE_RECURSION = YES;
				CLANG_WARN_INT_CONVERSION = YES;
				CLANG_WARN_NON_LITERAL_NULL_CONVERSION = YES;
				CLANG_WARN_OBJC_IMPLICIT_RETAIN_SELF = YES;
				CLANG_WARN_OBJC_LITERAL_CONVERSION = YES;
				CLANG_WARN_OBJC_ROOT_CLASS = YES_ERROR;
				CLANG_WARN_QUOTED_INCLUDE_IN_FRAMEWORK_HEADER = YES;
				CLANG_WARN_RANGE_LOOP_ANALYSIS = YES;
				CLANG_WARN_STRICT_PROTOTYPES = YES;
				CLANG_WARN_SUSPICIOUS_MOVE = YES;
				CLANG_WARN_UNGUARDED_AVAILABILITY = YES_AGGRESSIVE;
				CLANG_WARN_UNREACHABLE_CODE = YES;
				CLANG_WARN__DUPLICATE_METHOD_MATCH = YES;
				COPY_PHASE_STRIP = NO;
				DEBUG_INFORMATION_FORMAT = dwarf;
				ENABLE_STRICT_OBJC_MSGSEND = YES;
				ENABLE_TESTABILITY = YES;
				GCC_C_LANGUAGE_STANDARD = gnu11;
				GCC_DYNAMIC_NO_PIC = NO;
				GCC_NO_COMMON_BLOCKS = YES;
				GCC_OPTIMIZATION_LEVEL = 0;
				GCC_PREPROCESSOR_DEFINITIONS = (
					"DEBUG=1",
					"$(inherited)",
				);
				GCC_WARN_64_TO_32_BIT_CONVERSION = YES;
				GCC_WARN_ABOUT_RETURN_TYPE = YES_ERROR;
				GCC_WARN_UNDECLARED_SELECTOR = YES;
				GCC_WARN_UNINITIALIZED_AUTOS = YES_AGGRESSIVE;
				GCC_WARN_UNUSED_FUNCTION = YES;
				GCC_WARN_UNUSED_VARIABLE = YES;
				IPHONEOS_DEPLOYMENT_TARGET = 16.0;
				MTL_ENABLE_DEBUG_INFO = INCLUDE_SOURCE;
				MTL_FAST_MATH = YES;
				ONLY_ACTIVE_ARCH = YES;
				SDKROOT = iphoneos;
				SWIFT_ACTIVE_COMPILATION_CONDITIONS = DEBUG;
				SWIFT_OPTIMIZATION_LEVEL = "-Onone";
			};
			name = Debug;
		};
		645CA2252900F32800C3AA6D /* Release */ = {
			isa = XCBuildConfiguration;
			buildSettings = {
				ALWAYS_SEARCH_USER_PATHS = NO;
				CLANG_ANALYZER_NONNULL = YES;
				CLANG_ANALYZER_NUMBER_OBJECT_CONVERSION = YES_AGGRESSIVE;
				CLANG_CXX_LANGUAGE_STANDARD = "gnu++20";
				CLANG_ENABLE_MODULES = YES;
				CLANG_ENABLE_OBJC_ARC = YES;
				CLANG_ENABLE_OBJC_WEAK = YES;
				CLANG_WARN_BLOCK_CAPTURE_AUTORELEASING = YES;
				CLANG_WARN_BOOL_CONVERSION = YES;
				CLANG_WARN_COMMA = YES;
				CLANG_WARN_CONSTANT_CONVERSION = YES;
				CLANG_WARN_DEPRECATED_OBJC_IMPLEMENTATIONS = YES;
				CLANG_WARN_DIRECT_OBJC_ISA_USAGE = YES_ERROR;
				CLANG_WARN_DOCUMENTATION_COMMENTS = YES;
				CLANG_WARN_EMPTY_BODY = YES;
				CLANG_WARN_ENUM_CONVERSION = YES;
				CLANG_WARN_INFINITE_RECURSION = YES;
				CLANG_WARN_INT_CONVERSION = YES;
				CLANG_WARN_NON_LITERAL_NULL_CONVERSION = YES;
				CLANG_WARN_OBJC_IMPLICIT_RETAIN_SELF = YES;
				CLANG_WARN_OBJC_LITERAL_CONVERSION = YES;
				CLANG_WARN_OBJC_ROOT_CLASS = YES_ERROR;
				CLANG_WARN_QUOTED_INCLUDE_IN_FRAMEWORK_HEADER = YES;
				CLANG_WARN_RANGE_LOOP_ANALYSIS = YES;
				CLANG_WARN_STRICT_PROTOTYPES = YES;
				CLANG_WARN_SUSPICIOUS_MOVE = YES;
				CLANG_WARN_UNGUARDED_AVAILABILITY = YES_AGGRESSIVE;
				CLANG_WARN_UNREACHABLE_CODE = YES;
				CLANG_WARN__DUPLICATE_METHOD_MATCH = YES;
				COPY_PHASE_STRIP = NO;
				DEBUG_INFORMATION_FORMAT = "dwarf-with-dsym";
				ENABLE_NS_ASSERTIONS = NO;
				ENABLE_STRICT_OBJC_MSGSEND = YES;
				GCC_C_LANGUAGE_STANDARD = gnu11;
				GCC_NO_COMMON_BLOCKS = YES;
				GCC_WARN_64_TO_32_BIT_CONVERSION = YES;
				GCC_WARN_ABOUT_RETURN_TYPE = YES_ERROR;
				GCC_WARN_UNDECLARED_SELECTOR = YES;
				GCC_WARN_UNINITIALIZED_AUTOS = YES_AGGRESSIVE;
				GCC_WARN_UNUSED_FUNCTION = YES;
				GCC_WARN_UNUSED_VARIABLE = YES;
				IPHONEOS_DEPLOYMENT_TARGET = 16.0;
				MTL_ENABLE_DEBUG_INFO = NO;
				MTL_FAST_MATH = YES;
				SDKROOT = iphoneos;
				SWIFT_COMPILATION_MODE = wholemodule;
				SWIFT_OPTIMIZATION_LEVEL = "-O";
				VALIDATE_PRODUCT = YES;
			};
			name = Release;
		};
		645CA2272900F32800C3AA6D /* Debug */ = {
			isa = XCBuildConfiguration;
			buildSettings = {
				ASSETCATALOG_COMPILER_APPICON_NAME = AppIcon;
				ASSETCATALOG_COMPILER_GLOBAL_ACCENT_COLOR_NAME = AccentColor;
				CODE_SIGN_STYLE = Automatic;
				CURRENT_PROJECT_VERSION = 1;
				DEVELOPMENT_ASSET_PATHS = "\"Instafilter/Preview Content\"";
				DEVELOPMENT_TEAM = N8877H53MP;
				ENABLE_PREVIEWS = YES;
				GENERATE_INFOPLIST_FILE = YES;
				INFOPLIST_KEY_LSApplicationCategoryType = "public.app-category.photography";
				INFOPLIST_KEY_NSPhotoLibraryAddUsageDescription = "We want to save your filtered photo.";
				INFOPLIST_KEY_UIApplicationSceneManifest_Generation = YES;
				INFOPLIST_KEY_UIApplicationSupportsIndirectInputEvents = YES;
				INFOPLIST_KEY_UILaunchScreen_Generation = YES;
				INFOPLIST_KEY_UISupportedInterfaceOrientations_iPad = "UIInterfaceOrientationPortrait UIInterfaceOrientationPortraitUpsideDown UIInterfaceOrientationLandscapeLeft UIInterfaceOrientationLandscapeRight";
				INFOPLIST_KEY_UISupportedInterfaceOrientations_iPhone = "UIInterfaceOrientationPortrait UIInterfaceOrientationLandscapeLeft UIInterfaceOrientationLandscapeRight";
				LD_RUNPATH_SEARCH_PATHS = (
					"$(inherited)",
					"@executable_path/Frameworks",
				);
				MARKETING_VERSION = 1.0;
				PRODUCT_BUNDLE_IDENTIFIER = com.lefthandedapps.Instafilter;
				PRODUCT_NAME = "$(TARGET_NAME)";
				SUPPORTED_PLATFORMS = "iphoneos iphonesimulator";
				SUPPORTS_MACCATALYST = NO;
				SUPPORTS_MAC_DESIGNED_FOR_IPHONE_IPAD = NO;
				SWIFT_EMIT_LOC_STRINGS = YES;
				SWIFT_VERSION = 5.0;
				TARGETED_DEVICE_FAMILY = 1;
			};
			name = Debug;
		};
		645CA2282900F32800C3AA6D /* Release */ = {
			isa = XCBuildConfiguration;
			buildSettings = {
				ASSETCATALOG_COMPILER_APPICON_NAME = AppIcon;
				ASSETCATALOG_COMPILER_GLOBAL_ACCENT_COLOR_NAME = AccentColor;
				CODE_SIGN_STYLE = Automatic;
				CURRENT_PROJECT_VERSION = 1;
				DEVELOPMENT_ASSET_PATHS = "\"Instafilter/Preview Content\"";
				DEVELOPMENT_TEAM = N8877H53MP;
				ENABLE_PREVIEWS = YES;
				GENERATE_INFOPLIST_FILE = YES;
				INFOPLIST_KEY_LSApplicationCategoryType = "public.app-category.photography";
				INFOPLIST_KEY_NSPhotoLibraryAddUsageDescription = "We want to save your filtered photo.";
				INFOPLIST_KEY_UIApplicationSceneManifest_Generation = YES;
				INFOPLIST_KEY_UIApplicationSupportsIndirectInputEvents = YES;
				INFOPLIST_KEY_UILaunchScreen_Generation = YES;
				INFOPLIST_KEY_UISupportedInterfaceOrientations_iPad = "UIInterfaceOrientationPortrait UIInterfaceOrientationPortraitUpsideDown UIInterfaceOrientationLandscapeLeft UIInterfaceOrientationLandscapeRight";
				INFOPLIST_KEY_UISupportedInterfaceOrientations_iPhone = "UIInterfaceOrientationPortrait UIInterfaceOrientationLandscapeLeft UIInterfaceOrientationLandscapeRight";
				LD_RUNPATH_SEARCH_PATHS = (
					"$(inherited)",
					"@executable_path/Frameworks",
				);
				MARKETING_VERSION = 1.0;
				PRODUCT_BUNDLE_IDENTIFIER = com.lefthandedapps.Instafilter;
				PRODUCT_NAME = "$(TARGET_NAME)";
				SUPPORTED_PLATFORMS = "iphoneos iphonesimulator";
				SUPPORTS_MACCATALYST = NO;
				SUPPORTS_MAC_DESIGNED_FOR_IPHONE_IPAD = NO;
				SWIFT_EMIT_LOC_STRINGS = YES;
				SWIFT_VERSION = 5.0;
				TARGETED_DEVICE_FAMILY = 1;
			};
			name = Release;
		};
/* End XCBuildConfiguration section */

/* Begin XCConfigurationList section */
		645CA2132900F32700C3AA6D /* Build configuration list for PBXProject "Instafilter" */ = {
			isa = XCConfigurationList;
			buildConfigurations = (
				645CA2242900F32800C3AA6D /* Debug */,
				645CA2252900F32800C3AA6D /* Release */,
			);
			defaultConfigurationIsVisible = 0;
			defaultConfigurationName = Release;
		};
		645CA2262900F32800C3AA6D /* Build configuration list for PBXNativeTarget "Instafilter" */ = {
			isa = XCConfigurationList;
			buildConfigurations = (
				645CA2272900F32800C3AA6D /* Debug */,
				645CA2282900F32800C3AA6D /* Release */,
			);
			defaultConfigurationIsVisible = 0;
			defaultConfigurationName = Release;
		};
/* End XCConfigurationList section */
	};
	rootObject = 645CA2102900F32700C3AA6D /* Project object */;
}
